symfony v2.0.12
twig v1.6.2
monolog 1.0.2
doctrine-common 2.2.0
doctrine-dbal 2.2.1
doctrine 2.2.1
swiftmailer v4.1.5
assetic v1.0.3
twig-extensions 1dfff8e793f50f651c4f74f796c2c68a4aee3147
metadata 1.1.0
SensioFrameworkExtraBundle 638f545b7020b9e9d5944a7e3167f60ed848250d
JMSSecurityExtraBundle 541a4c242328dc04b99540c75346cc74a7c0cfb5
SensioDistributionBundle 20b66a408084ad8752f98e50f10533f5245310bf
SensioGeneratorBundle b1ccb78c1743f30817b0fce9bb5c6baff6ed7bf8
AsseticBundle v1.0.1
gherkin 8ac3383094d83b2f132960b52f6f39a2600cc9ec
behat dc4a3dc3b7f75104b33d706f8296c4eafcb9a216
BehatBundle 55ede38ec9694d67c7bc51e910f7009978421a56
mink 91031cd6da3caf2dfc2e83d49f75163327b2d07e
MinkBundle 4f68c897b5a0b0414d3fad9b282a2a8885136cad
doctrine-fixtures 914ec0a85cba7101fdfb4aed09d00c6f625512ea
DoctrineFixturesBundle a66be2f077f3a4e5c3801b356b42b8782f1abbd6
doctrine-extensions ec5f3a680b127ebb3b5ae7caaea978d20a08af50
DoctrineExtensionsBundle 59be31ee6d89f0af0e055385e6b7474ebed161db
Goutte 5ecceb7c28a428fb93f283982cc4f5edfd96630b
zend a568a7d77e1ed7d34779a91b10cf6ebf26c4ef2e
FOSRestBundle 79a75c876f7eaa7f8eab0ee33e7c2cb79b254fe0
JMSSerializerBundle 6bf2f092449c7104e6d9327de029cc3f5d2e3385
doctrine-mongodb 727a12d25ba12d18aa293bc6eb61f203a9545912
doctrine-mongodb-odm ed789d7e7d5a75d41b8d49e04a4c65bd97343a96
DoctrineMongoDBBundle bca3e54f1bb2041ce4179d9fa221851de6c65917